// !$*UTF8*$!
{
	archiveVersion = 1;
	classes = {
	};
	objectVersion = 46;
	objects = {

/* Begin PBXBuildFile section */
		722ECB5C1E2E3AA000CE6C5A /* AFViewController.h in Headers */ = {isa = PBXBuildFile; fileRef = 722ECB591E2E3AA000CE6C5A /* AFViewController.h */; };
		722ECB5D1E2E3AA000CE6C5A /* AFViewController.m in Sources */ = {isa = PBXBuildFile; fileRef = 722ECB5A1E2E3AA000CE6C5A /* AFViewController.m */; };
		722ECB641E2E513900CE6C5A /* OrthogonalMPR.xib in Resources */ = {isa = PBXBuildFile; fileRef = 722ECB631E2E513900CE6C5A /* OrthogonalMPR.xib */; };
		722ECB671E2F568300CE6C5A /* AFController.h in Headers */ = {isa = PBXBuildFile; fileRef = 722ECB651E2F568300CE6C5A /* AFController.h */; };
		722ECB681E2F568300CE6C5A /* AFController.m in Sources */ = {isa = PBXBuildFile; fileRef = 722ECB661E2F568300CE6C5A /* AFController.m */; };
		722ECB6B1E2F9C6100CE6C5A /* AFOrthogonalMPRController.h in Headers */ = {isa = PBXBuildFile; fileRef = 722ECB691E2F9C6100CE6C5A /* AFOrthogonalMPRController.h */; };
		722ECB6C1E2F9C6100CE6C5A /* AFOrthogonalMPRController.m in Sources */ = {isa = PBXBuildFile; fileRef = 722ECB6A1E2F9C6100CE6C5A /* AFOrthogonalMPRController.m */; };
		722ECB8C1E2F9EAB00CE6C5A /* AcesoFusionController.h in Headers */ = {isa = PBXBuildFile; fileRef = 722ECB6D1E2F9EAB00CE6C5A /* AcesoFusionController.h */; };
		722ECB8D1E2F9EAB00CE6C5A /* AcesoFusionController.m in Sources */ = {isa = PBXBuildFile; fileRef = 722ECB6E1E2F9EAB00CE6C5A /* AcesoFusionController.m */; };
		722ECB8E1E2F9EAB00CE6C5A /* AcesoFusionController.xib in Resources */ = {isa = PBXBuildFile; fileRef = 722ECB6F1E2F9EAB00CE6C5A /* AcesoFusionController.xib */; };
		722ECB8F1E2F9EAB00CE6C5A /* AcesoFusionMPRView.h in Headers */ = {isa = PBXBuildFile; fileRef = 722ECB701E2F9EAB00CE6C5A /* AcesoFusionMPRView.h */; };
		722ECB901E2F9EAB00CE6C5A /* AcesoFusionMPRView.m in Sources */ = {isa = PBXBuildFile; fileRef = 722ECB711E2F9EAB00CE6C5A /* AcesoFusionMPRView.m */; };
		722ECB911E2F9EAB00CE6C5A /* AFAcquisition.h in Headers */ = {isa = PBXBuildFile; fileRef = 722ECB721E2F9EAB00CE6C5A /* AFAcquisition.h */; };
		722ECB921E2F9EAB00CE6C5A /* AFAcquisition.m in Sources */ = {isa = PBXBuildFile; fileRef = 722ECB731E2F9EAB00CE6C5A /* AFAcquisition.m */; };
		722ECB931E2F9EAB00CE6C5A /* AFAcquisitions.h in Headers */ = {isa = PBXBuildFile; fileRef = 722ECB741E2F9EAB00CE6C5A /* AFAcquisitions.h */; };
		722ECB941E2F9EAB00CE6C5A /* AFAcquisitions.m in Sources */ = {isa = PBXBuildFile; fileRef = 722ECB751E2F9EAB00CE6C5A /* AFAcquisitions.m */; };
		722ECB951E2F9EAB00CE6C5A /* AFDCMImage.h in Headers */ = {isa = PBXBuildFile; fileRef = 722ECB761E2F9EAB00CE6C5A /* AFDCMImage.h */; };
		722ECB961E2F9EAB00CE6C5A /* AFDCMImage.m in Sources */ = {isa = PBXBuildFile; fileRef = 722ECB771E2F9EAB00CE6C5A /* AFDCMImage.m */; };
		722ECB971E2F9EAB00CE6C5A /* AFEnergyWindow.h in Headers */ = {isa = PBXBuildFile; fileRef = 722ECB781E2F9EAB00CE6C5A /* AFEnergyWindow.h */; };
		722ECB981E2F9EAB00CE6C5A /* AFEnergyWindow.m in Sources */ = {isa = PBXBuildFile; fileRef = 722ECB791E2F9EAB00CE6C5A /* AFEnergyWindow.m */; };
		722ECB991E2F9EAB00CE6C5A /* AFImage.h in Headers */ = {isa = PBXBuildFile; fileRef = 722ECB7A1E2F9EAB00CE6C5A /* AFImage.h */; };
		722ECB9A1E2F9EAB00CE6C5A /* AFImage.m in Sources */ = {isa = PBXBuildFile; fileRef = 722ECB7B1E2F9EAB00CE6C5A /* AFImage.m */; };
		722ECB9B1E2F9EAB00CE6C5A /* AFViewController.xib in Resources */ = {isa = PBXBuildFile; fileRef = 722ECB7C1E2F9EAB00CE6C5A /* AFViewController.xib */; };
		722ECB9C1E2F9EAB00CE6C5A /* AFWindowController.h in Headers */ = {isa = PBXBuildFile; fileRef = 722ECB7D1E2F9EAB00CE6C5A /* AFWindowController.h */; };
		722ECB9D1E2F9EAB00CE6C5A /* AFWindowController.m in Sources */ = {isa = PBXBuildFile; fileRef = 722ECB7E1E2F9EAB00CE6C5A /* AFWindowController.m */; };
		722ECB9E1E2F9EAB00CE6C5A /* AFWindowController.xib in Resources */ = {isa = PBXBuildFile; fileRef = 722ECB7F1E2F9EAB00CE6C5A /* AFWindowController.xib */; };
		722ECB9F1E2F9EAB00CE6C5A /* Collections.h in Headers */ = {isa = PBXBuildFile; fileRef = 722ECB801E2F9EAB00CE6C5A /* Collections.h */; };
		722ECBA01E2F9EAB00CE6C5A /* Collections.m in Sources */ = {isa = PBXBuildFile; fileRef = 722ECB811E2F9EAB00CE6C5A /* Collections.m */; };
		722ECBA11E2F9EAB00CE6C5A /* English.lproj in Resources */ = {isa = PBXBuildFile; fileRef = 722ECB821E2F9EAB00CE6C5A /* English.lproj */; };
		722ECBA21E2F9EAB00CE6C5A /* HorosAPI.framework in Frameworks */ = {isa = PBXBuildFile; fileRef = 722ECB831E2F9EAB00CE6C5A /* HorosAPI.framework */; };
		722ECBA31E2F9EAB00CE6C5A /* HorosDCM.framework in Frameworks */ = {isa = PBXBuildFile; fileRef = 722ECB841E2F9EAB00CE6C5A /* HorosDCM.framework */; };
		722ECBA41E2F9EAB00CE6C5A /* ImageCollection.h in Headers */ = {isa = PBXBuildFile; fileRef = 722ECB851E2F9EAB00CE6C5A /* ImageCollection.h */; };
		722ECBA51E2F9EAB00CE6C5A /* ImageCollection.m in Sources */ = {isa = PBXBuildFile; fileRef = 722ECB861E2F9EAB00CE6C5A /* ImageCollection.m */; };
		722ECBA61E2F9EAB00CE6C5A /* OrthogonalReslice.h in Headers */ = {isa = PBXBuildFile; fileRef = 722ECB871E2F9EAB00CE6C5A /* OrthogonalReslice.h */; };
		722ECBA71E2F9EAB00CE6C5A /* OrthogonalReslice.m in Sources */ = {isa = PBXBuildFile; fileRef = 722ECB881E2F9EAB00CE6C5A /* OrthogonalReslice.m */; };
		722ECBA81E2F9EAB00CE6C5A /* OsiriXAPI.framework in Frameworks */ = {isa = PBXBuildFile; fileRef = 722ECB891E2F9EAB00CE6C5A /* OsiriXAPI.framework */; };
		722ECBA91E2F9EAB00CE6C5A /* test.jpg in Resources */ = {isa = PBXBuildFile; fileRef = 722ECB8A1E2F9EAB00CE6C5A /* test.jpg */; };
		722ECBAA1E2F9EAB00CE6C5A /* version.plist in Resources */ = {isa = PBXBuildFile; fileRef = 722ECB8B1E2F9EAB00CE6C5A /* version.plist */; };
		723B8EAC1E2CFE3900F8FD17 /* AFCompleteSet.h in Headers */ = {isa = PBXBuildFile; fileRef = 723B8EAA1E2CFE3900F8FD17 /* AFCompleteSet.h */; };
		723B8EAD1E2CFE3900F8FD17 /* AFCompleteSet.m in Sources */ = {isa = PBXBuildFile; fileRef = 723B8EAB1E2CFE3900F8FD17 /* AFCompleteSet.m */; };
		723B8EB11E2D18B700F8FD17 /* AFSelectionController.h in Headers */ = {isa = PBXBuildFile; fileRef = 723B8EAE1E2D18B700F8FD17 /* AFSelectionController.h */; };
		723B8EB21E2D18B700F8FD17 /* AFSelectionController.m in Sources */ = {isa = PBXBuildFile; fileRef = 723B8EAF1E2D18B700F8FD17 /* AFSelectionController.m */; };
		723B8EB31E2D18B700F8FD17 /* AFSelectionController.xib in Resources */ = {isa = PBXBuildFile; fileRef = 723B8EB01E2D18B700F8FD17 /* AFSelectionController.xib */; };
		724DFF561E23866E00E4E34F /* HorosDCM.framework in Frameworks */ = {isa = PBXBuildFile; fileRef = 724DFF551E23866E00E4E34F /* HorosDCM.framework */; };
		8420023212E829A200E1E9CE /* OsiriXAPI.framework in Frameworks */ = {isa = PBXBuildFile; fileRef = 8420023112E829A200E1E9CE /* OsiriXAPI.framework */; settings = {ATTRIBUTES = (Weak, ); }; };
		8D5B49AE048680CD000E48DA /* AcesoFusion_Prefix.pch in Headers */ = {isa = PBXBuildFile; fileRef = 32DBCF630370AF2F00C91783 /* AcesoFusion_Prefix.pch */; };
		8D5B49B0048680CD000E48DA /* InfoPlist.strings in Resources */ = {isa = PBXBuildFile; fileRef = 089C167DFE841241C02AAC07 /* InfoPlist.strings */; };
		8D5B49B4048680CD000E48DA /* Cocoa.framework in Frameworks */ = {isa = PBXBuildFile; fileRef = 1058C7ADFEA557BF11CA2CBB /* Cocoa.framework */; };
		ABA48A650680BB600089EB4F /* AcesoFusionFilter.h in Headers */ = {isa = PBXBuildFile; fileRef = ABA48A640680BB600089EB4F /* AcesoFusionFilter.h */; };
		ABA48A670680BB690089EB4F /* AcesoFusionFilter.m in Sources */ = {isa = PBXBuildFile; fileRef = ABA48A660680BB690089EB4F /* AcesoFusionFilter.m */; };
		D4DDEA201B5EC53E00222A36 /* HorosAPI.framework in Frameworks */ = {isa = PBXBuildFile; fileRef = D4DDEA1F1B5EC53E00222A36 /* HorosAPI.framework */; settings = {ATTRIBUTES = (Weak, ); }; };
/* End PBXBuildFile section */

/* Begin PBXFileReference section */
		089C1672FE841209C02AAC07 /* Foundation.framework */ = {isa = PBXFileReference; lastKnownFileType = wrapper.framework; name = Foundation.framework; path = /System/Library/Frameworks/Foundation.framework; sourceTree = "<absolute>"; };
		089C167EFE841241C02AAC07 /* English */ = {isa = PBXFileReference; fileEncoding = 10; lastKnownFileType = text.plist.strings; name = English; path = English.lproj/InfoPlist.strings; sourceTree = "<group>"; };
		089C167FFE841241C02AAC07 /* AppKit.framework */ = {isa = PBXFileReference; lastKnownFileType = wrapper.framework; name = AppKit.framework; path = /System/Library/Frameworks/AppKit.framework; sourceTree = "<absolute>"; };
		1058C7ADFEA557BF11CA2CBB /* Cocoa.framework */ = {isa = PBXFileReference; lastKnownFileType = wrapper.framework; name = Cocoa.framework; path = /System/Library/Frameworks/Cocoa.framework; sourceTree = "<absolute>"; };
		32DBCF630370AF2F00C91783 /* AcesoFusion_Prefix.pch */ = {isa = PBXFileReference; fileEncoding = 4; lastKnownFileType = sourcecode.c.h; path = AcesoFusion_Prefix.pch; sourceTree = "<group>"; };
		722ECB591E2E3AA000CE6C5A /* AFViewController.h */ = {isa = PBXFileReference; fileEncoding = 4; lastKnownFileType = sourcecode.c.h; path = AFViewController.h; sourceTree = "<group>"; };
		722ECB5A1E2E3AA000CE6C5A /* AFViewController.m */ = {isa = PBXFileReference; fileEncoding = 4; lastKnownFileType = sourcecode.c.objc; path = AFViewController.m; sourceTree = "<group>"; };
		722ECB631E2E513900CE6C5A /* OrthogonalMPR.xib */ = {isa = PBXFileReference; fileEncoding = 4; lastKnownFileType = file.xib; path = OrthogonalMPR.xib; sourceTree = "<group>"; };
		722ECB651E2F568300CE6C5A /* AFController.h */ = {isa = PBXFileReference; fileEncoding = 4; lastKnownFileType = sourcecode.c.h; path = AFController.h; sourceTree = "<group>"; };
		722ECB661E2F568300CE6C5A /* AFController.m */ = {isa = PBXFileReference; fileEncoding = 4; lastKnownFileType = sourcecode.c.objc; path = AFController.m; sourceTree = "<group>"; };
		722ECB691E2F9C6100CE6C5A /* AFOrthogonalMPRController.h */ = {isa = PBXFileReference; fileEncoding = 4; lastKnownFileType = sourcecode.c.h; path = AFOrthogonalMPRController.h; sourceTree = "<group>"; };
		722ECB6A1E2F9C6100CE6C5A /* AFOrthogonalMPRController.m */ = {isa = PBXFileReference; fileEncoding = 4; lastKnownFileType = sourcecode.c.objc; path = AFOrthogonalMPRController.m; sourceTree = "<group>"; };
		722ECB6D1E2F9EAB00CE6C5A /* AcesoFusionController.h */ = {isa = PBXFileReference; fileEncoding = 4; lastKnownFileType = sourcecode.c.h; path = AcesoFusionController.h; sourceTree = "<group>"; };
		722ECB6E1E2F9EAB00CE6C5A /* AcesoFusionController.m */ = {isa = PBXFileReference; fileEncoding = 4; lastKnownFileType = sourcecode.c.objc; path = AcesoFusionController.m; sourceTree = "<group>"; };
		722ECB6F1E2F9EAB00CE6C5A /* AcesoFusionController.xib */ = {isa = PBXFileReference; fileEncoding = 4; lastKnownFileType = file.xib; path = AcesoFusionController.xib; sourceTree = "<group>"; };
		722ECB701E2F9EAB00CE6C5A /* AcesoFusionMPRView.h */ = {isa = PBXFileReference; fileEncoding = 4; lastKnownFileType = sourcecode.c.h; path = AcesoFusionMPRView.h; sourceTree = "<group>"; };
		722ECB711E2F9EAB00CE6C5A /* AcesoFusionMPRView.m */ = {isa = PBXFileReference; fileEncoding = 4; lastKnownFileType = sourcecode.c.objc; path = AcesoFusionMPRView.m; sourceTree = "<group>"; };
		722ECB721E2F9EAB00CE6C5A /* AFAcquisition.h */ = {isa = PBXFileReference; fileEncoding = 4; lastKnownFileType = sourcecode.c.h; path = AFAcquisition.h; sourceTree = "<group>"; };
		722ECB731E2F9EAB00CE6C5A /* AFAcquisition.m */ = {isa = PBXFileReference; fileEncoding = 4; lastKnownFileType = sourcecode.c.objc; path = AFAcquisition.m; sourceTree = "<group>"; };
		722ECB741E2F9EAB00CE6C5A /* AFAcquisitions.h */ = {isa = PBXFileReference; fileEncoding = 4; lastKnownFileType = sourcecode.c.h; path = AFAcquisitions.h; sourceTree = "<group>"; };
		722ECB751E2F9EAB00CE6C5A /* AFAcquisitions.m */ = {isa = PBXFileReference; fileEncoding = 4; lastKnownFileType = sourcecode.c.objc; path = AFAcquisitions.m; sourceTree = "<group>"; };
		722ECB761E2F9EAB00CE6C5A /* AFDCMImage.h */ = {isa = PBXFileReference; fileEncoding = 4; lastKnownFileType = sourcecode.c.h; path = AFDCMImage.h; sourceTree = "<group>"; };
		722ECB771E2F9EAB00CE6C5A /* AFDCMImage.m */ = {isa = PBXFileReference; fileEncoding = 4; lastKnownFileType = sourcecode.c.objc; path = AFDCMImage.m; sourceTree = "<group>"; };
		722ECB781E2F9EAB00CE6C5A /* AFEnergyWindow.h */ = {isa = PBXFileReference; fileEncoding = 4; lastKnownFileType = sourcecode.c.h; path = AFEnergyWindow.h; sourceTree = "<group>"; };
		722ECB791E2F9EAB00CE6C5A /* AFEnergyWindow.m */ = {isa = PBXFileReference; fileEncoding = 4; lastKnownFileType = sourcecode.c.objc; path = AFEnergyWindow.m; sourceTree = "<group>"; };
		722ECB7A1E2F9EAB00CE6C5A /* AFImage.h */ = {isa = PBXFileReference; fileEncoding = 4; lastKnownFileType = sourcecode.c.h; path = AFImage.h; sourceTree = "<group>"; };
		722ECB7B1E2F9EAB00CE6C5A /* AFImage.m */ = {isa = PBXFileReference; fileEncoding = 4; lastKnownFileType = sourcecode.c.objc; path = AFImage.m; sourceTree = "<group>"; };
		722ECB7C1E2F9EAB00CE6C5A /* AFViewController.xib */ = {isa = PBXFileReference; fileEncoding = 4; lastKnownFileType = file.xib; path = AFViewController.xib; sourceTree = "<group>"; };
		722ECB7D1E2F9EAB00CE6C5A /* AFWindowController.h */ = {isa = PBXFileReference; fileEncoding = 4; lastKnownFileType = sourcecode.c.h; path = AFWindowController.h; sourceTree = "<group>"; };
		722ECB7E1E2F9EAB00CE6C5A /* AFWindowController.m */ = {isa = PBXFileReference; fileEncoding = 4; lastKnownFileType = sourcecode.c.objc; path = AFWindowController.m; sourceTree = "<group>"; };
		722ECB7F1E2F9EAB00CE6C5A /* AFWindowController.xib */ = {isa = PBXFileReference; fileEncoding = 4; lastKnownFileType = file.xib; path = AFWindowController.xib; sourceTree = "<group>"; };
		722ECB801E2F9EAB00CE6C5A /* Collections.h */ = {isa = PBXFileReference; fileEncoding = 4; lastKnownFileType = sourcecode.c.h; path = Collections.h; sourceTree = "<group>"; };
		722ECB811E2F9EAB00CE6C5A /* Collections.m */ = {isa = PBXFileReference; fileEncoding = 4; lastKnownFileType = sourcecode.c.objc; path = Collections.m; sourceTree = "<group>"; };
		722ECB821E2F9EAB00CE6C5A /* English.lproj */ = {isa = PBXFileReference; lastKnownFileType = folder; path = English.lproj; sourceTree = "<group>"; };
		722ECB831E2F9EAB00CE6C5A /* HorosAPI.framework */ = {isa = PBXFileReference; lastKnownFileType = wrapper.framework; path = HorosAPI.framework; sourceTree = "<group>"; };
		722ECB841E2F9EAB00CE6C5A /* HorosDCM.framework */ = {isa = PBXFileReference; lastKnownFileType = wrapper.framework; path = HorosDCM.framework; sourceTree = "<group>"; };
		722ECB851E2F9EAB00CE6C5A /* ImageCollection.h */ = {isa = PBXFileReference; fileEncoding = 4; lastKnownFileType = sourcecode.c.h; path = ImageCollection.h; sourceTree = "<group>"; };
		722ECB861E2F9EAB00CE6C5A /* ImageCollection.m */ = {isa = PBXFileReference; fileEncoding = 4; lastKnownFileType = sourcecode.c.objc; path = ImageCollection.m; sourceTree = "<group>"; };
		722ECB871E2F9EAB00CE6C5A /* OrthogonalReslice.h */ = {isa = PBXFileReference; fileEncoding = 4; lastKnownFileType = sourcecode.c.h; path = OrthogonalReslice.h; sourceTree = "<group>"; };
		722ECB881E2F9EAB00CE6C5A /* OrthogonalReslice.m */ = {isa = PBXFileReference; fileEncoding = 4; lastKnownFileType = sourcecode.c.objc; path = OrthogonalReslice.m; sourceTree = "<group>"; };
		722ECB891E2F9EAB00CE6C5A /* OsiriXAPI.framework */ = {isa = PBXFileReference; lastKnownFileType = wrapper.framework; path = OsiriXAPI.framework; sourceTree = "<group>"; };
		722ECB8A1E2F9EAB00CE6C5A /* test.jpg */ = {isa = PBXFileReference; lastKnownFileType = image.jpeg; path = test.jpg; sourceTree = "<group>"; };
		722ECB8B1E2F9EAB00CE6C5A /* version.plist */ = {isa = PBXFileReference; fileEncoding = 4; lastKnownFileType = text.plist.xml; path = version.plist; sourceTree = "<group>"; };
		723B8EAA1E2CFE3900F8FD17 /* AFCompleteSet.h */ = {isa = PBXFileReference; fileEncoding = 4; lastKnownFileType = sourcecode.c.h; path = AFCompleteSet.h; sourceTree = "<group>"; };
		723B8EAB1E2CFE3900F8FD17 /* AFCompleteSet.m */ = {isa = PBXFileReference; fileEncoding = 4; lastKnownFileType = sourcecode.c.objc; path = AFCompleteSet.m; sourceTree = "<group>"; };
		723B8EAE1E2D18B700F8FD17 /* AFSelectionController.h */ = {isa = PBXFileReference; fileEncoding = 4; lastKnownFileType = sourcecode.c.h; path = AFSelectionController.h; sourceTree = "<group>"; };
		723B8EAF1E2D18B700F8FD17 /* AFSelectionController.m */ = {isa = PBXFileReference; fileEncoding = 4; lastKnownFileType = sourcecode.c.objc; path = AFSelectionController.m; sourceTree = "<group>"; };
		723B8EB01E2D18B700F8FD17 /* AFSelectionController.xib */ = {isa = PBXFileReference; fileEncoding = 4; lastKnownFileType = file.xib; path = AFSelectionController.xib; sourceTree = "<group>"; };
		724DFF551E23866E00E4E34F /* HorosDCM.framework */ = {isa = PBXFileReference; lastKnownFileType = wrapper.framework; path = HorosDCM.framework; sourceTree = "<group>"; };
		8420023112E829A200E1E9CE /* OsiriXAPI.framework */ = {isa = PBXFileReference; lastKnownFileType = wrapper.framework; path = OsiriXAPI.framework; sourceTree = "<group>"; };
		8D5B49B7048680CD000E48DA /* Info.plist */ = {isa = PBXFileReference; fileEncoding = 4; lastKnownFileType = text.plist.xml; path = Info.plist; sourceTree = "<group>"; };
		AB5D36050680E57E00F4007A /* AcesoFusion.osirixplugin */ = {isa = PBXFileReference; explicitFileType = wrapper.cfbundle; includeInIndex = 0; path = AcesoFusion.osirixplugin; sourceTree = BUILT_PRODUCTS_DIR; };
		ABA48A640680BB600089EB4F /* AcesoFusionFilter.h */ = {isa = PBXFileReference; fileEncoding = 30; lastKnownFileType = sourcecode.c.h; path = AcesoFusionFilter.h; sourceTree = "<group>"; };
		ABA48A660680BB690089EB4F /* AcesoFusionFilter.m */ = {isa = PBXFileReference; fileEncoding = 30; lastKnownFileType = sourcecode.c.objc; path = AcesoFusionFilter.m; sourceTree = "<group>"; };
		D4DDEA1F1B5EC53E00222A36 /* HorosAPI.framework */ = {isa = PBXFileReference; lastKnownFileType = wrapper.framework; path = HorosAPI.framework; sourceTree = "<group>"; };
/* End PBXFileReference section */

/* Begin PBXFrameworksBuildPhase section */
		8D5B49B3048680CD000E48DA /* Frameworks */ = {
			isa = PBXFrameworksBuildPhase;
			buildActionMask = 2147483647;
			files = (
				724DFF561E23866E00E4E34F /* HorosDCM.framework in Frameworks */,
				722ECBA31E2F9EAB00CE6C5A /* HorosDCM.framework in Frameworks */,
				8D5B49B4048680CD000E48DA /* Cocoa.framework in Frameworks */,
				8420023212E829A200E1E9CE /* OsiriXAPI.framework in Frameworks */,
				722ECBA21E2F9EAB00CE6C5A /* HorosAPI.framework in Frameworks */,
				722ECBA81E2F9EAB00CE6C5A /* OsiriXAPI.framework in Frameworks */,
				D4DDEA201B5EC53E00222A36 /* HorosAPI.framework in Frameworks */,
			);
			runOnlyForDeploymentPostprocessing = 0;
		};
/* End PBXFrameworksBuildPhase section */

/* Begin PBXGroup section */
		089C166AFE841209C02AAC07 /* AcesoFusion */ = {
			isa = PBXGroup;
			children = (
				08FB77AFFE84173DC02AAC07 /* Classes */,
				32C88E010371C26100C91783 /* Other Sources */,
				089C167CFE841241C02AAC07 /* Resources */,
				089C1671FE841209C02AAC07 /* Frameworks and Libraries */,
				19C28FB8FE9D52D311CA2CBB /* Products */,
				724DFF541E23866E00E4E34F /* Frameworks */,
			);
			name = AcesoFusion;
			sourceTree = "<group>";
		};
		089C1671FE841209C02AAC07 /* Frameworks and Libraries */ = {
			isa = PBXGroup;
			children = (
				D4DDEA1F1B5EC53E00222A36 /* HorosAPI.framework */,
				8420023112E829A200E1E9CE /* OsiriXAPI.framework */,
				1058C7ACFEA557BF11CA2CBB /* Linked Frameworks */,
				1058C7AEFEA557BF11CA2CBB /* Other Frameworks */,
			);
			name = "Frameworks and Libraries";
			sourceTree = "<group>";
		};
		089C167CFE841241C02AAC07 /* Resources */ = {
			isa = PBXGroup;
			children = (
				8D5B49B7048680CD000E48DA /* Info.plist */,
				722ECB7F1E2F9EAB00CE6C5A /* AFWindowController.xib */,
				722ECB6F1E2F9EAB00CE6C5A /* AcesoFusionController.xib */,
				722ECB7C1E2F9EAB00CE6C5A /* AFViewController.xib */,
				722ECB631E2E513900CE6C5A /* OrthogonalMPR.xib */,
				723B8EB01E2D18B700F8FD17 /* AFSelectionController.xib */,
				089C167DFE841241C02AAC07 /* InfoPlist.strings */,
			);
			name = Resources;
			sourceTree = "<group>";
		};
		08FB77AFFE84173DC02AAC07 /* Classes */ = {
			isa = PBXGroup;
			children = (
				AB2C26750677B0C400A08910 /* AcesoFusionFilter */,
			);
			name = Classes;
			sourceTree = "<group>";
		};
		1058C7ACFEA557BF11CA2CBB /* Linked Frameworks */ = {
			isa = PBXGroup;
			children = (
				1058C7ADFEA557BF11CA2CBB /* Cocoa.framework */,
			);
			name = "Linked Frameworks";
			sourceTree = "<group>";
		};
		1058C7AEFEA557BF11CA2CBB /* Other Frameworks */ = {
			isa = PBXGroup;
			children = (
				089C1672FE841209C02AAC07 /* Foundation.framework */,
				089C167FFE841241C02AAC07 /* AppKit.framework */,
			);
			name = "Other Frameworks";
			sourceTree = "<group>";
		};
		19C28FB8FE9D52D311CA2CBB /* Products */ = {
			isa = PBXGroup;
			children = (
				AB5D36050680E57E00F4007A /* AcesoFusion.osirixplugin */,
			);
			name = Products;
			sourceTree = "<group>";
		};
		32C88E010371C26100C91783 /* Other Sources */ = {
			isa = PBXGroup;
			children = (
				32DBCF630370AF2F00C91783 /* AcesoFusion_Prefix.pch */,
			);
			name = "Other Sources";
			sourceTree = "<group>";
		};
		724DFF541E23866E00E4E34F /* Frameworks */ = {
			isa = PBXGroup;
			children = (
				724DFF551E23866E00E4E34F /* HorosDCM.framework */,
			);
			name = Frameworks;
			sourceTree = "<group>";
		};
		AB2C26750677B0C400A08910 /* AcesoFusionFilter */ = {
			isa = PBXGroup;
			children = (
				ABA48A640680BB600089EB4F /* AcesoFusionFilter.h */,
				ABA48A660680BB690089EB4F /* AcesoFusionFilter.m */,
				722ECB6D1E2F9EAB00CE6C5A /* AcesoFusionController.h */,
				722ECB6E1E2F9EAB00CE6C5A /* AcesoFusionController.m */,
				722ECB701E2F9EAB00CE6C5A /* AcesoFusionMPRView.h */,
				722ECB711E2F9EAB00CE6C5A /* AcesoFusionMPRView.m */,
				722ECB721E2F9EAB00CE6C5A /* AFAcquisition.h */,
				722ECB731E2F9EAB00CE6C5A /* AFAcquisition.m */,
				722ECB741E2F9EAB00CE6C5A /* AFAcquisitions.h */,
				722ECB751E2F9EAB00CE6C5A /* AFAcquisitions.m */,
				722ECB761E2F9EAB00CE6C5A /* AFDCMImage.h */,
				722ECB771E2F9EAB00CE6C5A /* AFDCMImage.m */,
				722ECB781E2F9EAB00CE6C5A /* AFEnergyWindow.h */,
				722ECB791E2F9EAB00CE6C5A /* AFEnergyWindow.m */,
				722ECB7A1E2F9EAB00CE6C5A /* AFImage.h */,
				722ECB7B1E2F9EAB00CE6C5A /* AFImage.m */,
				722ECB7D1E2F9EAB00CE6C5A /* AFWindowController.h */,
				722ECB7E1E2F9EAB00CE6C5A /* AFWindowController.m */,
				722ECB801E2F9EAB00CE6C5A /* Collections.h */,
				722ECB811E2F9EAB00CE6C5A /* Collections.m */,
				722ECB821E2F9EAB00CE6C5A /* English.lproj */,
				722ECB831E2F9EAB00CE6C5A /* HorosAPI.framework */,
				722ECB841E2F9EAB00CE6C5A /* HorosDCM.framework */,
				722ECB851E2F9EAB00CE6C5A /* ImageCollection.h */,
				722ECB861E2F9EAB00CE6C5A /* ImageCollection.m */,
				722ECB871E2F9EAB00CE6C5A /* OrthogonalReslice.h */,
				722ECB881E2F9EAB00CE6C5A /* OrthogonalReslice.m */,
				722ECB891E2F9EAB00CE6C5A /* OsiriXAPI.framework */,
				722ECB8A1E2F9EAB00CE6C5A /* test.jpg */,
				722ECB8B1E2F9EAB00CE6C5A /* version.plist */,
				722ECB691E2F9C6100CE6C5A /* AFOrthogonalMPRController.h */,
				722ECB6A1E2F9C6100CE6C5A /* AFOrthogonalMPRController.m */,
				722ECB651E2F568300CE6C5A /* AFController.h */,
				722ECB661E2F568300CE6C5A /* AFController.m */,
				722ECB591E2E3AA000CE6C5A /* AFViewController.h */,
				722ECB5A1E2E3AA000CE6C5A /* AFViewController.m */,
				723B8EAA1E2CFE3900F8FD17 /* AFCompleteSet.h */,
				723B8EAB1E2CFE3900F8FD17 /* AFCompleteSet.m */,
				723B8EAE1E2D18B700F8FD17 /* AFSelectionController.h */,
				723B8EAF1E2D18B700F8FD17 /* AFSelectionController.m */,
			);
			name = AcesoFusionFilter;
			sourceTree = "<group>";
		};
/* End PBXGroup section */

/* Begin PBXHeadersBuildPhase section */
		8D5B49AD048680CD000E48DA /* Headers */ = {
			isa = PBXHeadersBuildPhase;
			buildActionMask = 2147483647;
			files = (
				722ECB951E2F9EAB00CE6C5A /* AFDCMImage.h in Headers */,
				722ECB8C1E2F9EAB00CE6C5A /* AcesoFusionController.h in Headers */,
				722ECB9F1E2F9EAB00CE6C5A /* Collections.h in Headers */,
				722ECBA61E2F9EAB00CE6C5A /* OrthogonalReslice.h in Headers */,
				722ECB9C1E2F9EAB00CE6C5A /* AFWindowController.h in Headers */,
				723B8EB11E2D18B700F8FD17 /* AFSelectionController.h in Headers */,
				722ECB991E2F9EAB00CE6C5A /* AFImage.h in Headers */,
				722ECB931E2F9EAB00CE6C5A /* AFAcquisitions.h in Headers */,
				722ECB971E2F9EAB00CE6C5A /* AFEnergyWindow.h in Headers */,
				723B8EAC1E2CFE3900F8FD17 /* AFCompleteSet.h in Headers */,
				722ECBA41E2F9EAB00CE6C5A /* ImageCollection.h in Headers */,
				8D5B49AE048680CD000E48DA /* AcesoFusion_Prefix.pch in Headers */,
				722ECB5C1E2E3AA000CE6C5A /* AFViewController.h in Headers */,
				722ECB671E2F568300CE6C5A /* AFController.h in Headers */,
				722ECB8F1E2F9EAB00CE6C5A /* AcesoFusionMPRView.h in Headers */,
				722ECB911E2F9EAB00CE6C5A /* AFAcquisition.h in Headers */,
				ABA48A650680BB600089EB4F /* AcesoFusionFilter.h in Headers */,
				722ECB6B1E2F9C6100CE6C5A /* AFOrthogonalMPRController.h in Headers */,
			);
			runOnlyForDeploymentPostprocessing = 0;
		};
/* End PBXHeadersBuildPhase section */

/* Begin PBXNativeTarget section */
		8D5B49AC048680CD000E48DA /* AcesoFusion */ = {
			isa = PBXNativeTarget;
			buildConfigurationList = CE6A9A9008AC841300D0C1EE /* Build configuration list for PBXNativeTarget "AcesoFusion" */;
			buildPhases = (
				8D5B49AD048680CD000E48DA /* Headers */,
				8D5B49AF048680CD000E48DA /* Resources */,
				8D5B49B1048680CD000E48DA /* Sources */,
				8D5B49B3048680CD000E48DA /* Frameworks */,
				8D5B49B5048680CD000E48DA /* Rez */,
			);
			buildRules = (
			);
			dependencies = (
			);
			name = AcesoFusion;
			productInstallPath = "$(HOME)/Library/Bundles";
			productName = Invert;
			productReference = AB5D36050680E57E00F4007A /* AcesoFusion.osirixplugin */;
			productType = "com.apple.product-type.bundle";
		};
/* End PBXNativeTarget section */

/* Begin PBXProject section */
		089C1669FE841209C02AAC07 /* Project object */ = {
			isa = PBXProject;
			attributes = {
				LastUpgradeCheck = 0820;
			};
			buildConfigurationList = CE6A9A9408AC841300D0C1EE /* Build configuration list for PBXProject "AcesoFusion" */;
			compatibilityVersion = "Xcode 3.2";
			developmentRegion = English;
			hasScannedForEncodings = 1;
			knownRegions = (
				English,
				Japanese,
				French,
				German,
			);
			mainGroup = 089C166AFE841209C02AAC07 /* AcesoFusion */;
			projectDirPath = "";
			projectRoot = "";
			targets = (
				8D5B49AC048680CD000E48DA /* AcesoFusion */,
			);
		};
/* End PBXProject section */

/* Begin PBXResourcesBuildPhase section */
		8D5B49AF048680CD000E48DA /* Resources */ = {
			isa = PBXResourcesBuildPhase;
			buildActionMask = 2147483647;
			files = (
				723B8EB31E2D18B700F8FD17 /* AFSelectionController.xib in Resources */,
				722ECBA11E2F9EAB00CE6C5A /* English.lproj in Resources */,
				722ECB8E1E2F9EAB00CE6C5A /* AcesoFusionController.xib in Resources */,
				722ECB9B1E2F9EAB00CE6C5A /* AFViewController.xib in Resources */,
				8D5B49B0048680CD000E48DA /* InfoPlist.strings in Resources */,
				722ECB9E1E2F9EAB00CE6C5A /* AFWindowController.xib in Resources */,
				722ECB641E2E513900CE6C5A /* OrthogonalMPR.xib in Resources */,
				722ECBA91E2F9EAB00CE6C5A /* test.jpg in Resources */,
				722ECBAA1E2F9EAB00CE6C5A /* version.plist in Resources */,
			);
			runOnlyForDeploymentPostprocessing = 0;
		};
/* End PBXResourcesBuildPhase section */

/* Begin PBXRezBuildPhase section */
		8D5B49B5048680CD000E48DA /* Rez */ = {
			isa = PBXRezBuildPhase;
			buildActionMask = 2147483647;
			files = (
			);
			runOnlyForDeploymentPostprocessing = 0;
		};
/* End PBXRezBuildPhase section */

/* Begin PBXSourcesBuildPhase section */
		8D5B49B1048680CD000E48DA /* Sources */ = {
			isa = PBXSourcesBuildPhase;
			buildActionMask = 2147483647;
			files = (
				722ECB941E2F9EAB00CE6C5A /* AFAcquisitions.m in Sources */,
				722ECBA01E2F9EAB00CE6C5A /* Collections.m in Sources */,
				722ECB901E2F9EAB00CE6C5A /* AcesoFusionMPRView.m in Sources */,
				722ECB9D1E2F9EAB00CE6C5A /* AFWindowController.m in Sources */,
				723B8EB21E2D18B700F8FD17 /* AFSelectionController.m in Sources */,
				722ECB6C1E2F9C6100CE6C5A /* AFOrthogonalMPRController.m in Sources */,
				722ECBA71E2F9EAB00CE6C5A /* OrthogonalReslice.m in Sources */,
				722ECB981E2F9EAB00CE6C5A /* AFEnergyWindow.m in Sources */,
				722ECB5D1E2E3AA000CE6C5A /* AFViewController.m in Sources */,
				722ECB9A1E2F9EAB00CE6C5A /* AFImage.m in Sources */,
				722ECB8D1E2F9EAB00CE6C5A /* AcesoFusionController.m in Sources */,
				ABA48A670680BB690089EB4F /* AcesoFusionFilter.m in Sources */,
				722ECBA51E2F9EAB00CE6C5A /* ImageCollection.m in Sources */,
				723B8EAD1E2CFE3900F8FD17 /* AFCompleteSet.m in Sources */,
				722ECB961E2F9EAB00CE6C5A /* AFDCMImage.m in Sources */,
				722ECB681E2F568300CE6C5A /* AFController.m in Sources */,
				722ECB921E2F9EAB00CE6C5A /* AFAcquisition.m in Sources */,
			);
			runOnlyForDeploymentPostprocessing = 0;
		};
/* End PBXSourcesBuildPhase section */

/* Begin PBXVariantGroup section */
		089C167DFE841241C02AAC07 /* InfoPlist.strings */ = {
			isa = PBXVariantGroup;
			children = (
				089C167EFE841241C02AAC07 /* English */,
			);
			name = InfoPlist.strings;
			sourceTree = "<group>";
		};
/* End PBXVariantGroup section */

/* Begin XCBuildConfiguration section */
		CE6A9A9108AC841300D0C1EE /* Development */ = {
			isa = XCBuildConfiguration;
			buildSettings = {
				COMBINE_HIDPI_IMAGES = YES;
				COPY_PHASE_STRIP = NO;
				DEBUGGING_SYMBOLS = YES;
				FRAMEWORK_SEARCH_PATHS = (
					"$(inherited)",
					"$(SRCROOT)",
					"$(PROJECT_DIR)",
				);
				GCC_DYNAMIC_NO_PIC = NO;
				GCC_ENABLE_FIX_AND_CONTINUE = YES;
				GCC_ENABLE_TRIGRAPHS = NO;
				GCC_GENERATE_DEBUGGING_SYMBOLS = YES;
				GCC_OPTIMIZATION_LEVEL = 0;
				GCC_PRECOMPILE_PREFIX_HEADER = YES;
				GCC_PREFIX_HEADER = AcesoFusion_Prefix.pch;
				GCC_WARN_FOUR_CHARACTER_CONSTANTS = NO;
				GCC_WARN_UNKNOWN_PRAGMAS = NO;
				HEADER_SEARCH_PATHS = "";
				INFOPLIST_FILE = Info.plist;
				INSTALL_PATH = "@executable_path/../Plug-ins";
				LIBRARY_SEARCH_PATHS = "";
				LIBRARY_STYLE = Bundle;
				MACOSX_DEPLOYMENT_TARGET = 10.8;
				OTHER_CFLAGS = "";
				OTHER_LDFLAGS = (
					"-undefined",
					dynamic_lookup,
				);
				OTHER_REZFLAGS = "";
				PRODUCT_NAME = AcesoFusion;
				SDKROOT = macosx;
				SECTORDER_FLAGS = "";
				WARNING_CFLAGS = (
					"-Wmost",
					"-Wno-four-char-constants",
					"-Wno-unknown-pragmas",
				);
				WRAPPER_EXTENSION = osirixplugin;
				ZERO_LINK = NO;
			};
			name = Development;
		};
		CE6A9A9208AC841300D0C1EE /* Deployment */ = {
			isa = XCBuildConfiguration;
			buildSettings = {
				COMBINE_HIDPI_IMAGES = YES;
				COPY_PHASE_STRIP = YES;
				FRAMEWORK_SEARCH_PATHS = (
					"$(inherited)",
					"$(SRCROOT)",
					"$(PROJECT_DIR)",
				);
				GCC_ENABLE_FIX_AND_CONTINUE = NO;
				GCC_ENABLE_TRIGRAPHS = NO;
				GCC_PRECOMPILE_PREFIX_HEADER = YES;
				GCC_PREFIX_HEADER = AcesoFusion_Prefix.pch;
				GCC_WARN_FOUR_CHARACTER_CONSTANTS = NO;
				GCC_WARN_UNKNOWN_PRAGMAS = NO;
				HEADER_SEARCH_PATHS = "";
				INFOPLIST_FILE = Info.plist;
				INSTALL_PATH = "@executable_path/../Plug-ins";
				LIBRARY_SEARCH_PATHS = "";
				LIBRARY_STYLE = Bundle;
				MACOSX_DEPLOYMENT_TARGET = 10.8;
				OTHER_CFLAGS = "";
				OTHER_LDFLAGS = (
					"-undefined",
					dynamic_lookup,
				);
				OTHER_REZFLAGS = "";
				PRODUCT_NAME = AcesoFusion;
				SDKROOT = macosx;
				SECTORDER_FLAGS = "";
				WARNING_CFLAGS = (
					"-Wmost",
					"-Wno-four-char-constants",
					"-Wno-unknown-pragmas",
				);
				WRAPPER_EXTENSION = osirixplugin;
				ZERO_LINK = NO;
			};
			name = Deployment;
		};
		CE6A9A9508AC841300D0C1EE /* Development */ = {
			isa = XCBuildConfiguration;
			buildSettings = {
				CLANG_ANALYZER_LOCALIZABILITY_NONLOCALIZED = YES;
				CLANG_WARN_BOOL_CONVERSION = YES;
				CLANG_WARN_CONSTANT_CONVERSION = YES;
				CLANG_WARN_EMPTY_BODY = YES;
				CLANG_WARN_ENUM_CONVERSION = YES;
				CLANG_WARN_INFINITE_RECURSION = YES;
				CLANG_WARN_INT_CONVERSION = YES;
				CLANG_WARN_SUSPICIOUS_MOVE = YES;
				CLANG_WARN_UNREACHABLE_CODE = YES;
				CLANG_WARN__DUPLICATE_METHOD_MATCH = YES;
				ENABLE_STRICT_OBJC_MSGSEND = YES;
				ENABLE_TESTABILITY = YES;
				GCC_NO_COMMON_BLOCKS = YES;
				GCC_WARN_64_TO_32_BIT_CONVERSION = YES;
				GCC_WARN_ABOUT_RETURN_TYPE = YES;
				GCC_WARN_UNDECLARED_SELECTOR = YES;
				GCC_WARN_UNINITIALIZED_AUTOS = YES;
				GCC_WARN_UNUSED_FUNCTION = YES;
				GCC_WARN_UNUSED_VARIABLE = YES;
				MACOSX_DEPLOYMENT_TARGET = 10.10;
				ONLY_ACTIVE_ARCH = YES;
				SDKROOT = macosx;
			};
			name = Development;
		};
		CE6A9A9608AC841300D0C1EE /* Deployment */ = {
			isa = XCBuildConfiguration;
			buildSettings = {
				CLANG_ANALYZER_LOCALIZABILITY_NONLOCALIZED = YES;
				CLANG_WARN_BOOL_CONVERSION = YES;
				CLANG_WARN_CONSTANT_CONVERSION = YES;
				CLANG_WARN_EMPTY_BODY = YES;
				CLANG_WARN_ENUM_CONVERSION = YES;
				CLANG_WARN_INFINITE_RECURSION = YES;
				CLANG_WARN_INT_CONVERSION = YES;
				CLANG_WARN_SUSPICIOUS_MOVE = YES;
				CLANG_WARN_UNREACHABLE_CODE = YES;
				CLANG_WARN__DUPLICATE_METHOD_MATCH = YES;
				ENABLE_STRICT_OBJC_MSGSEND = YES;
				GCC_NO_COMMON_BLOCKS = YES;
				GCC_WARN_64_TO_32_BIT_CONVERSION = YES;
				GCC_WARN_ABOUT_RETURN_TYPE = YES;
				GCC_WARN_UNDECLARED_SELECTOR = YES;
				GCC_WARN_UNINITIALIZED_AUTOS = YES;
				GCC_WARN_UNUSED_FUNCTION = YES;
				GCC_WARN_UNUSED_VARIABLE = YES;
				MACOSX_DEPLOYMENT_TARGET = 10.10;
				SDKROOT = macosx;
			};
			name = Deployment;
		};
/* End XCBuildConfiguration section */

/* Begin XCConfigurationList section */
		CE6A9A9008AC841300D0C1EE /* Build configuration list for PBXNativeTarget "AcesoFusion" */ = {
			isa = XCConfigurationList;
			buildConfigurations = (
				CE6A9A9108AC841300D0C1EE /* Development */,
				CE6A9A9208AC841300D0C1EE /* Deployment */,
			);
			defaultConfigurationIsVisible = 0;
			defaultConfigurationName = Development;
		};
		CE6A9A9408AC841300D0C1EE /* Build configuration list for PBXProject "AcesoFusion" */ = {
			isa = XCConfigurationList;
			buildConfigurations = (
				CE6A9A9508AC841300D0C1EE /* Development */,
				CE6A9A9608AC841300D0C1EE /* Deployment */,
			);
			defaultConfigurationIsVisible = 0;
			defaultConfigurationName = Development;
		};
/* End XCConfigurationList section */
	};
	rootObject = 089C1669FE841209C02AAC07 /* Project object */;
}
